// !$*UTF8*$!
{
	archiveVersion = 1;
	classes = {
	};
	objectVersion = 52;
	objects = {

/* Begin PBXBuildFile section */
		E000298327A4FE5800157FE8 /* SubjectsDataManager.swift in Sources */ = {isa = PBXBuildFile; fileRef = E000298227A4FE5800157FE8 /* SubjectsDataManager.swift */; };
		E00701902797F6BD005EEF41 /* HTMLTestView.swift in Sources */ = {isa = PBXBuildFile; fileRef = E007018F2797F6BD005EEF41 /* HTMLTestView.swift */; };
		E00DB59027B0DFAA001C37CE /* SubjectsEnum.swift in Sources */ = {isa = PBXBuildFile; fileRef = E00DB58F27B0DFAA001C37CE /* SubjectsEnum.swift */; };
		E00DB59227B0DFE2001C37CE /* SchoolClassSelectionView.swift in Sources */ = {isa = PBXBuildFile; fileRef = E00DB59127B0DFE2001C37CE /* SchoolClassSelectionView.swift */; };
		E013743426D7474D00CA5CB7 /* AddToInstagramStory.swift in Sources */ = {isa = PBXBuildFile; fileRef = E013743326D7474D00CA5CB7 /* AddToInstagramStory.swift */; };
		E013743726D7528700CA5CB7 /* User.swift in Sources */ = {isa = PBXBuildFile; fileRef = E013743626D7528700CA5CB7 /* User.swift */; };
		E01B5DA02749E9610079B042 /* SandboxViewModel.swift in Sources */ = {isa = PBXBuildFile; fileRef = E01B5D9F2749E9610079B042 /* SandboxViewModel.swift */; };
		E01C400227A3892E00CF1E6F /* GiganteaDataManager.swift in Sources */ = {isa = PBXBuildFile; fileRef = E01C400127A3892E00CF1E6F /* GiganteaDataManager.swift */; };
		E01C400427A3899000CF1E6F /* CalendarDataManager.swift in Sources */ = {isa = PBXBuildFile; fileRef = E01C400327A3899000CF1E6F /* CalendarDataManager.swift */; };
		E01C400627A3C3D300CF1E6F /* LatestArticleView.swift in Sources */ = {isa = PBXBuildFile; fileRef = E01C400527A3C3D300CF1E6F /* LatestArticleView.swift */; };
		E02A205B26E29BDA00E90417 /* HTMLasXMLContentParser.swift in Sources */ = {isa = PBXBuildFile; fileRef = E02A205A26E29BDA00E90417 /* HTMLasXMLContentParser.swift */; };
		E0451C8427A903ED00B088C7 /* SchoolSubjectItemView.swift in Sources */ = {isa = PBXBuildFile; fileRef = E0451C8327A903ED00B088C7 /* SchoolSubjectItemView.swift */; };
		E05932B427A516F100FEDE11 /* EditSchedulePeriodView.swift in Sources */ = {isa = PBXBuildFile; fileRef = E05932B327A516F100FEDE11 /* EditSchedulePeriodView.swift */; };
		E05932B627A5179D00FEDE11 /* EditScheduleSubjectSelectorView.swift in Sources */ = {isa = PBXBuildFile; fileRef = E05932B527A5179D00FEDE11 /* EditScheduleSubjectSelectorView.swift */; };
		E05932B827A51B8100FEDE11 /* ScheduleDataManager.swift in Sources */ = {isa = PBXBuildFile; fileRef = E05932B727A51B8100FEDE11 /* ScheduleDataManager.swift */; };
		E065E16127094C4F0095F676 /* FoodInfoScrollViewAtStartingPreferenceKey.swift in Sources */ = {isa = PBXBuildFile; fileRef = E065E16027094C4F0095F676 /* FoodInfoScrollViewAtStartingPreferenceKey.swift */; };
		E065E16327094C820095F676 /* FoodNutritionOverflowPreferenceKey.swift in Sources */ = {isa = PBXBuildFile; fileRef = E065E16227094C820095F676 /* FoodNutritionOverflowPreferenceKey.swift */; };
		E065E1662709721D0095F676 /* LaunchStoryboard.storyboard in Resources */ = {isa = PBXBuildFile; fileRef = E065E1652709721D0095F676 /* LaunchStoryboard.storyboard */; };
		E065E1682709FFFC0095F676 /* LaunchView.swift in Sources */ = {isa = PBXBuildFile; fileRef = E065E1672709FFFC0095F676 /* LaunchView.swift */; };
		E065E16A270A264E0095F676 /* TodaysFoodView.swift in Sources */ = {isa = PBXBuildFile; fileRef = E065E169270A264E0095F676 /* TodaysFoodView.swift */; };
		E065E16E270A74C00095F676 /* FoodUserDefaultsManager.swift in Sources */ = {isa = PBXBuildFile; fileRef = E065E16D270A74C00095F676 /* FoodUserDefaultsManager.swift */; };
		E0664A9726CF392600DDAEE4 /* fbla_schoolApp.swift in Sources */ = {isa = PBXBuildFile; fileRef = E0664A9626CF392600DDAEE4 /* fbla_schoolApp.swift */; };
		E0664A9926CF392600DDAEE4 /* ContentView.swift in Sources */ = {isa = PBXBuildFile; fileRef = E0664A9826CF392600DDAEE4 /* ContentView.swift */; };
		E0664A9B26CF392700DDAEE4 /* Assets.xcassets in Resources */ = {isa = PBXBuildFile; fileRef = E0664A9A26CF392700DDAEE4 /* Assets.xcassets */; };
		E0664A9E26CF392700DDAEE4 /* Preview Assets.xcassets in Resources */ = {isa = PBXBuildFile; fileRef = E0664A9D26CF392700DDAEE4 /* Preview Assets.xcassets */; };
		E0664AA726CF408D00DDAEE4 /* LoginView.swift in Sources */ = {isa = PBXBuildFile; fileRef = E0664AA626CF408D00DDAEE4 /* LoginView.swift */; };
		E06B708A26D32427000D944C /* HomeView.swift in Sources */ = {isa = PBXBuildFile; fileRef = E06B708926D32427000D944C /* HomeView.swift */; };
		E06B709226D3251A000D944C /* GenderInputField.swift in Sources */ = {isa = PBXBuildFile; fileRef = E06B708C26D3251A000D944C /* GenderInputField.swift */; };
		E06B709326D3251A000D944C /* DateInputField.swift in Sources */ = {isa = PBXBuildFile; fileRef = E06B708D26D3251A000D944C /* DateInputField.swift */; };
		E06B709426D3251A000D944C /* PullDownIndicator.swift in Sources */ = {isa = PBXBuildFile; fileRef = E06B708E26D3251A000D944C /* PullDownIndicator.swift */; };
		E06B709526D3251A000D944C /* NumberInputField.swift in Sources */ = {isa = PBXBuildFile; fileRef = E06B708F26D3251A000D944C /* NumberInputField.swift */; };
		E06B709626D3251A000D944C /* VisualEffectView.swift in Sources */ = {isa = PBXBuildFile; fileRef = E06B709026D3251A000D944C /* VisualEffectView.swift */; };
		E06B709726D3251A000D944C /* TextInputField.swift in Sources */ = {isa = PBXBuildFile; fileRef = E06B709126D3251A000D944C /* TextInputField.swift */; };
		E06B709926D331F9000D944C /* CustomDivider.swift in Sources */ = {isa = PBXBuildFile; fileRef = E06B709826D331F9000D944C /* CustomDivider.swift */; };
		E06F5DC42749DDE400396A18 /* Sandbox.swift in Sources */ = {isa = PBXBuildFile; fileRef = E06F5DC32749DDE400396A18 /* Sandbox.swift */; };
		E06F5DC62749DE5000396A18 /* FirebaseStorage in Frameworks */ = {isa = PBXBuildFile; productRef = E06F5DC52749DE5000396A18 /* FirebaseStorage */; };
		E073579326E347CA005F2BE5 /* ArticleView.swift in Sources */ = {isa = PBXBuildFile; fileRef = E073579226E347CA005F2BE5 /* ArticleView.swift */; };
		E073579726E687AF005F2BE5 /* FirebaseDatabase in Frameworks */ = {isa = PBXBuildFile; productRef = E073579626E687AF005F2BE5 /* FirebaseDatabase */; };
		E073579926E687AF005F2BE5 /* FirebaseDatabaseSwift-Beta in Frameworks */ = {isa = PBXBuildFile; productRef = E073579826E687AF005F2BE5 /* FirebaseDatabaseSwift-Beta */; };
		E073579C26E68E39005F2BE5 /* DatabaseManager.swift in Sources */ = {isa = PBXBuildFile; fileRef = E073579B26E68E39005F2BE5 /* DatabaseManager.swift */; };
		E08519A126D3201800A21A14 /* GoogleService-Info.plist in Resources */ = {isa = PBXBuildFile; fileRef = E08519A026D3201800A21A14 /* GoogleService-Info.plist */; };
		E08888A0279C8EAE00653F6B /* CalendarAPIManager.swift in Sources */ = {isa = PBXBuildFile; fileRef = E088889F279C8EAE00653F6B /* CalendarAPIManager.swift */; };
		E08ADE7B26E6C50C00AF8700 /* AllFoodView.swift in Sources */ = {isa = PBXBuildFile; fileRef = E08ADE7A26E6C50C00AF8700 /* AllFoodView.swift */; };
		E08AF9A626D761E20070A252 /* BadGoogleOrganizationView.swift in Sources */ = {isa = PBXBuildFile; fileRef = E08AF9A526D761E20070A252 /* BadGoogleOrganizationView.swift */; };
		E08AF9BE26DB2C530070A252 /* PublicSans-ExtraBold.ttf in Resources */ = {isa = PBXBuildFile; fileRef = E08AF9AC26DB2C520070A252 /* PublicSans-ExtraBold.ttf */; };
		E08AF9BF26DB2C530070A252 /* PublicSans-Thin.ttf in Resources */ = {isa = PBXBuildFile; fileRef = E08AF9AD26DB2C520070A252 /* PublicSans-Thin.ttf */; };
		E08AF9C026DB2C530070A252 /* PublicSans-SemiBold.ttf in Resources */ = {isa = PBXBuildFile; fileRef = E08AF9AE26DB2C520070A252 /* PublicSans-SemiBold.ttf */; };
		E08AF9C126DB2C530070A252 /* PublicSans-ExtraLight.ttf in Resources */ = {isa = PBXBuildFile; fileRef = E08AF9AF26DB2C520070A252 /* PublicSans-ExtraLight.ttf */; };
		E08AF9C226DB2C530070A252 /* PublicSans-ExtraLightItalic.ttf in Resources */ = {isa = PBXBuildFile; fileRef = E08AF9B026DB2C520070A252 /* PublicSans-ExtraLightItalic.ttf */; };
		E08AF9C326DB2C530070A252 /* PublicSans-Light.ttf in Resources */ = {isa = PBXBuildFile; fileRef = E08AF9B126DB2C520070A252 /* PublicSans-Light.ttf */; };
		E08AF9C426DB2C530070A252 /* PublicSans-Regular.ttf in Resources */ = {isa = PBXBuildFile; fileRef = E08AF9B226DB2C520070A252 /* PublicSans-Regular.ttf */; };
		E08AF9C526DB2C530070A252 /* PublicSans-Italic.ttf in Resources */ = {isa = PBXBuildFile; fileRef = E08AF9B326DB2C520070A252 /* PublicSans-Italic.ttf */; };
		E08AF9C626DB2C530070A252 /* PublicSans-ExtraBoldItalic.ttf in Resources */ = {isa = PBXBuildFile; fileRef = E08AF9B426DB2C520070A252 /* PublicSans-ExtraBoldItalic.ttf */; };
		E08AF9C726DB2C530070A252 /* PublicSans-SemiBoldItalic.ttf in Resources */ = {isa = PBXBuildFile; fileRef = E08AF9B526DB2C520070A252 /* PublicSans-SemiBoldItalic.ttf */; };
		E08AF9C826DB2C530070A252 /* PublicSans-BlackItalic.ttf in Resources */ = {isa = PBXBuildFile; fileRef = E08AF9B626DB2C520070A252 /* PublicSans-BlackItalic.ttf */; };
		E08AF9C926DB2C530070A252 /* PublicSans-LightItalic.ttf in Resources */ = {isa = PBXBuildFile; fileRef = E08AF9B726DB2C520070A252 /* PublicSans-LightItalic.ttf */; };
		E08AF9CA26DB2C530070A252 /* PublicSans-ThinItalic.ttf in Resources */ = {isa = PBXBuildFile; fileRef = E08AF9B826DB2C520070A252 /* PublicSans-ThinItalic.ttf */; };
		E08AF9CB26DB2C530070A252 /* PublicSans-BoldItalic.ttf in Resources */ = {isa = PBXBuildFile; fileRef = E08AF9B926DB2C530070A252 /* PublicSans-BoldItalic.ttf */; };
		E08AF9CC26DB2C530070A252 /* PublicSans-Bold.ttf in Resources */ = {isa = PBXBuildFile; fileRef = E08AF9BA26DB2C530070A252 /* PublicSans-Bold.ttf */; };
		E08AF9CD26DB2C530070A252 /* PublicSans-Medium.ttf in Resources */ = {isa = PBXBuildFile; fileRef = E08AF9BB26DB2C530070A252 /* PublicSans-Medium.ttf */; };
		E08AF9CE26DB2C530070A252 /* PublicSans-Black.ttf in Resources */ = {isa = PBXBuildFile; fileRef = E08AF9BC26DB2C530070A252 /* PublicSans-Black.ttf */; };
		E08AF9CF26DB2C530070A252 /* PublicSans-MediumItalic.ttf in Resources */ = {isa = PBXBuildFile; fileRef = E08AF9BD26DB2C530070A252 /* PublicSans-MediumItalic.ttf */; };
		E0916D7026DCA3E800CD13FB /* ToggleField.swift in Sources */ = {isa = PBXBuildFile; fileRef = E0916D6F26DCA3E800CD13FB /* ToggleField.swift */; };
		E0916D7326E04C8A00CD13FB /* ArticlesParser.swift in Sources */ = {isa = PBXBuildFile; fileRef = E0916D7226E04C8A00CD13FB /* ArticlesParser.swift */; };
		E0916D7526E04CA300CD13FB /* Article.swift in Sources */ = {isa = PBXBuildFile; fileRef = E0916D7426E04CA300CD13FB /* Article.swift */; };
		E0916D7826E04CFC00CD13FB /* GiganteaFeed.swift in Sources */ = {isa = PBXBuildFile; fileRef = E0916D7726E04CFC00CD13FB /* GiganteaFeed.swift */; };
		E0916D7A26E04FBE00CD13FB /* GiganteaModel.swift in Sources */ = {isa = PBXBuildFile; fileRef = E0916D7926E04FBE00CD13FB /* GiganteaModel.swift */; };
		E0916D8026E1B98D00CD13FB /* HTMLView.swift in Sources */ = {isa = PBXBuildFile; fileRef = E0916D7F26E1B98D00CD13FB /* HTMLView.swift */; };
		E0AB6A5C26D1DF4900B35EA4 /* AuthManager.swift in Sources */ = {isa = PBXBuildFile; fileRef = E0AB6A5B26D1DF4900B35EA4 /* AuthManager.swift */; };
		E0AB6A6526D20EB100B35EA4 /* ColorPallete.swift in Sources */ = {isa = PBXBuildFile; fileRef = E0AB6A6426D20EB100B35EA4 /* ColorPallete.swift */; };
		E0AB6A6E26D20F0800B35EA4 /* Date.swift in Sources */ = {isa = PBXBuildFile; fileRef = E0AB6A6826D20F0800B35EA4 /* Date.swift */; };
		E0AB6A6F26D20F0800B35EA4 /* View.swift in Sources */ = {isa = PBXBuildFile; fileRef = E0AB6A6926D20F0800B35EA4 /* View.swift */; };
		E0AB6A7026D20F0800B35EA4 /* Int.swift in Sources */ = {isa = PBXBuildFile; fileRef = E0AB6A6A26D20F0800B35EA4 /* Int.swift */; };
		E0AB6A7126D20F0800B35EA4 /* String.swift in Sources */ = {isa = PBXBuildFile; fileRef = E0AB6A6B26D20F0800B35EA4 /* String.swift */; };
		E0AB6A7226D20F0800B35EA4 /* Text.swift in Sources */ = {isa = PBXBuildFile; fileRef = E0AB6A6C26D20F0800B35EA4 /* Text.swift */; };
		E0AB6A7326D20F0800B35EA4 /* Color.swift in Sources */ = {isa = PBXBuildFile; fileRef = E0AB6A6D26D20F0800B35EA4 /* Color.swift */; };
		E0BD57F726E81FEA000420BE /* FoodTileView.swift in Sources */ = {isa = PBXBuildFile; fileRef = E0BD57F626E81FEA000420BE /* FoodTileView.swift */; };
		E0BD57F926E8200F000420BE /* FoodNutritionLabel.swift in Sources */ = {isa = PBXBuildFile; fileRef = E0BD57F826E8200F000420BE /* FoodNutritionLabel.swift */; };
		E0BD57FB26E82029000420BE /* FoodInfoView.swift in Sources */ = {isa = PBXBuildFile; fileRef = E0BD57FA26E82029000420BE /* FoodInfoView.swift */; };
		E0BD57FE26E8217C000420BE /* Development.swift in Sources */ = {isa = PBXBuildFile; fileRef = E0BD57FD26E8217C000420BE /* Development.swift */; };
		E0BD580026E83958000420BE /* Food.swift in Sources */ = {isa = PBXBuildFile; fileRef = E0BD57FF26E83958000420BE /* Food.swift */; };
		E0C8361826D1C4A900295174 /* FirebaseAuth in Frameworks */ = {isa = PBXBuildFile; productRef = E0C8361726D1C4A900295174 /* FirebaseAuth */; };
		E0C8361A26D1C4A900295174 /* FirebaseFirestore in Frameworks */ = {isa = PBXBuildFile; productRef = E0C8361926D1C4A900295174 /* FirebaseFirestore */; };
		E0C8361C26D1C4A900295174 /* FirebaseFirestoreSwift-Beta in Frameworks */ = {isa = PBXBuildFile; productRef = E0C8361B26D1C4A900295174 /* FirebaseFirestoreSwift-Beta */; };
		E0C8361F26D1C5F300295174 /* GoogleSignIn in Frameworks */ = {isa = PBXBuildFile; productRef = E0C8361E26D1C5F300295174 /* GoogleSignIn */; };
		E0C8362226D1C63100295174 /* FirebaseAnalytics in Frameworks */ = {isa = PBXBuildFile; productRef = E0C8362126D1C63100295174 /* FirebaseAnalytics */; };
		E0E68DD8277F9002009D58F3 /* TodaysCurrentCalendarView.swift in Sources */ = {isa = PBXBuildFile; fileRef = E0E68DD7277F9002009D58F3 /* TodaysCurrentCalendarView.swift */; };
		E0E68DDA277F9189009D58F3 /* GoogleAPICalendar.swift in Sources */ = {isa = PBXBuildFile; fileRef = E0E68DD9277F9189009D58F3 /* GoogleAPICalendar.swift */; };
		E0F40D1526DB495F00AE9DD7 /* TodaysClassesView.swift in Sources */ = {isa = PBXBuildFile; fileRef = E0F40D1426DB495F00AE9DD7 /* TodaysClassesView.swift */; };
		E0F40D1826DB677800AE9DD7 /* ClassPeriod.swift in Sources */ = {isa = PBXBuildFile; fileRef = E0F40D1726DB677800AE9DD7 /* ClassPeriod.swift */; };
		E0F40D1A26DB6B0D00AE9DD7 /* OtherExtensions.swift in Sources */ = {isa = PBXBuildFile; fileRef = E0F40D1926DB6B0D00AE9DD7 /* OtherExtensions.swift */; };
		E0F40D1F26DC23C600AE9DD7 /* test.swift in Sources */ = {isa = PBXBuildFile; fileRef = E0F40D1E26DC23C600AE9DD7 /* test.swift */; };
		E0F40D2A26DC31DC00AE9DD7 /* Subjects.json in Resources */ = {isa = PBXBuildFile; fileRef = E0F40D2926DC31DC00AE9DD7 /* Subjects.json */; };
		E0F40D2D26DC330A00AE9DD7 /* DataManager.swift in Sources */ = {isa = PBXBuildFile; fileRef = E0F40D2C26DC330A00AE9DD7 /* DataManager.swift */; };
		E0F40D3026DC6A0B00AE9DD7 /* EditScheduleView.swift in Sources */ = {isa = PBXBuildFile; fileRef = E0F40D2F26DC6A0B00AE9DD7 /* EditScheduleView.swift */; };
/* End PBXBuildFile section */

/* Begin PBXFileReference section */
		E000298227A4FE5800157FE8 /* SubjectsDataManager.swift */ = {isa = PBXFileReference; lastKnownFileType = sourcecode.swift; path = SubjectsDataManager.swift; sourceTree = "<group>"; };
		E007018F2797F6BD005EEF41 /* HTMLTestView.swift */ = {isa = PBXFileReference; lastKnownFileType = sourcecode.swift; path = HTMLTestView.swift; sourceTree = "<group>"; };
		E00DB58F27B0DFAA001C37CE /* SubjectsEnum.swift */ = {isa = PBXFileReference; lastKnownFileType = sourcecode.swift; path = SubjectsEnum.swift; sourceTree = "<group>"; };
		E00DB59127B0DFE2001C37CE /* SchoolClassSelectionView.swift */ = {isa = PBXFileReference; lastKnownFileType = sourcecode.swift; path = SchoolClassSelectionView.swift; sourceTree = "<group>"; };
		E013743326D7474D00CA5CB7 /* AddToInstagramStory.swift */ = {isa = PBXFileReference; lastKnownFileType = sourcecode.swift; path = AddToInstagramStory.swift; sourceTree = "<group>"; };
		E013743626D7528700CA5CB7 /* User.swift */ = {isa = PBXFileReference; lastKnownFileType = sourcecode.swift; path = User.swift; sourceTree = "<group>"; };
		E01B5D9F2749E9610079B042 /* SandboxViewModel.swift */ = {isa = PBXFileReference; lastKnownFileType = sourcecode.swift; path = SandboxViewModel.swift; sourceTree = "<group>"; };
		E01C400127A3892E00CF1E6F /* GiganteaDataManager.swift */ = {isa = PBXFileReference; lastKnownFileType = sourcecode.swift; path = GiganteaDataManager.swift; sourceTree = "<group>"; };
		E01C400327A3899000CF1E6F /* CalendarDataManager.swift */ = {isa = PBXFileReference; lastKnownFileType = sourcecode.swift; path = CalendarDataManager.swift; sourceTree = "<group>"; };
		E01C400527A3C3D300CF1E6F /* LatestArticleView.swift */ = {isa = PBXFileReference; lastKnownFileType = sourcecode.swift; path = LatestArticleView.swift; sourceTree = "<group>"; };
		E02A205A26E29BDA00E90417 /* HTMLasXMLContentParser.swift */ = {isa = PBXFileReference; lastKnownFileType = sourcecode.swift; path = HTMLasXMLContentParser.swift; sourceTree = "<group>"; };
		E0451C8227A9000300B088C7 /* Config.xcconfig */ = {isa = PBXFileReference; lastKnownFileType = text.xcconfig; path = Config.xcconfig; sourceTree = "<group>"; };
		E0451C8327A903ED00B088C7 /* SchoolSubjectItemView.swift */ = {isa = PBXFileReference; lastKnownFileType = sourcecode.swift; path = SchoolSubjectItemView.swift; sourceTree = "<group>"; };
		E05932B327A516F100FEDE11 /* EditSchedulePeriodView.swift */ = {isa = PBXFileReference; lastKnownFileType = sourcecode.swift; path = EditSchedulePeriodView.swift; sourceTree = "<group>"; };
		E05932B527A5179D00FEDE11 /* EditScheduleSubjectSelectorView.swift */ = {isa = PBXFileReference; lastKnownFileType = sourcecode.swift; path = EditScheduleSubjectSelectorView.swift; sourceTree = "<group>"; };
		E05932B727A51B8100FEDE11 /* ScheduleDataManager.swift */ = {isa = PBXFileReference; lastKnownFileType = sourcecode.swift; path = ScheduleDataManager.swift; sourceTree = "<group>"; };
		E065E16027094C4F0095F676 /* FoodInfoScrollViewAtStartingPreferenceKey.swift */ = {isa = PBXFileReference; lastKnownFileType = sourcecode.swift; path = FoodInfoScrollViewAtStartingPreferenceKey.swift; sourceTree = "<group>"; };
		E065E16227094C820095F676 /* FoodNutritionOverflowPreferenceKey.swift */ = {isa = PBXFileReference; lastKnownFileType = sourcecode.swift; path = FoodNutritionOverflowPreferenceKey.swift; sourceTree = "<group>"; };
		E065E1652709721D0095F676 /* LaunchStoryboard.storyboard */ = {isa = PBXFileReference; lastKnownFileType = file.storyboard; path = LaunchStoryboard.storyboard; sourceTree = "<group>"; };
		E065E1672709FFFC0095F676 /* LaunchView.swift */ = {isa = PBXFileReference; lastKnownFileType = sourcecode.swift; path = LaunchView.swift; sourceTree = "<group>"; };
		E065E169270A264E0095F676 /* TodaysFoodView.swift */ = {isa = PBXFileReference; lastKnownFileType = sourcecode.swift; path = TodaysFoodView.swift; sourceTree = "<group>"; };
		E065E16D270A74C00095F676 /* FoodUserDefaultsManager.swift */ = {isa = PBXFileReference; lastKnownFileType = sourcecode.swift; path = FoodUserDefaultsManager.swift; sourceTree = "<group>"; };
		E0664A9326CF392600DDAEE4 /* Redwood HS Helper.app */ = {isa = PBXFileReference; explicitFileType = wrapper.application; includeInIndex = 0; path = "Redwood HS Helper.app"; sourceTree = BUILT_PRODUCTS_DIR; };
		E0664A9626CF392600DDAEE4 /* fbla_schoolApp.swift */ = {isa = PBXFileReference; lastKnownFileType = sourcecode.swift; path = fbla_schoolApp.swift; sourceTree = "<group>"; };
		E0664A9826CF392600DDAEE4 /* ContentView.swift */ = {isa = PBXFileReference; lastKnownFileType = sourcecode.swift; path = ContentView.swift; sourceTree = "<group>"; };
		E0664A9A26CF392700DDAEE4 /* Assets.xcassets */ = {isa = PBXFileReference; lastKnownFileType = folder.assetcatalog; path = Assets.xcassets; sourceTree = "<group>"; };
		E0664A9D26CF392700DDAEE4 /* Preview Assets.xcassets */ = {isa = PBXFileReference; lastKnownFileType = folder.assetcatalog; path = "Preview Assets.xcassets"; sourceTree = "<group>"; };
		E0664A9F26CF392700DDAEE4 /* Info.plist */ = {isa = PBXFileReference; lastKnownFileType = text.plist.xml; path = Info.plist; sourceTree = "<group>"; };
		E0664AA626CF408D00DDAEE4 /* LoginView.swift */ = {isa = PBXFileReference; lastKnownFileType = sourcecode.swift; path = LoginView.swift; sourceTree = "<group>"; };
		E06B708926D32427000D944C /* HomeView.swift */ = {isa = PBXFileReference; lastKnownFileType = sourcecode.swift; path = HomeView.swift; sourceTree = "<group>"; };
		E06B708C26D3251A000D944C /* GenderInputField.swift */ = {isa = PBXFileReference; fileEncoding = 4; lastKnownFileType = sourcecode.swift; path = GenderInputField.swift; sourceTree = "<group>"; };
		E06B708D26D3251A000D944C /* DateInputField.swift */ = {isa = PBXFileReference; fileEncoding = 4; lastKnownFileType = sourcecode.swift; path = DateInputField.swift; sourceTree = "<group>"; };
		E06B708E26D3251A000D944C /* PullDownIndicator.swift */ = {isa = PBXFileReference; fileEncoding = 4; lastKnownFileType = sourcecode.swift; path = PullDownIndicator.swift; sourceTree = "<group>"; };
		E06B708F26D3251A000D944C /* NumberInputField.swift */ = {isa = PBXFileReference; fileEncoding = 4; lastKnownFileType = sourcecode.swift; path = NumberInputField.swift; sourceTree = "<group>"; };
		E06B709026D3251A000D944C /* VisualEffectView.swift */ = {isa = PBXFileReference; fileEncoding = 4; lastKnownFileType = sourcecode.swift; path = VisualEffectView.swift; sourceTree = "<group>"; };
		E06B709126D3251A000D944C /* TextInputField.swift */ = {isa = PBXFileReference; fileEncoding = 4; lastKnownFileType = sourcecode.swift; path = TextInputField.swift; sourceTree = "<group>"; };
		E06B709826D331F9000D944C /* CustomDivider.swift */ = {isa = PBXFileReference; lastKnownFileType = sourcecode.swift; path = CustomDivider.swift; sourceTree = "<group>"; };
		E06F5DC32749DDE400396A18 /* Sandbox.swift */ = {isa = PBXFileReference; lastKnownFileType = sourcecode.swift; path = Sandbox.swift; sourceTree = "<group>"; };
		E073579226E347CA005F2BE5 /* ArticleView.swift */ = {isa = PBXFileReference; lastKnownFileType = sourcecode.swift; path = ArticleView.swift; sourceTree = "<group>"; };
		E073579B26E68E39005F2BE5 /* DatabaseManager.swift */ = {isa = PBXFileReference; lastKnownFileType = sourcecode.swift; path = DatabaseManager.swift; sourceTree = "<group>"; };
		E08519A026D3201800A21A14 /* GoogleService-Info.plist */ = {isa = PBXFileReference; fileEncoding = 4; lastKnownFileType = text.plist.xml; path = "GoogleService-Info.plist"; sourceTree = "<group>"; };
		E088889F279C8EAE00653F6B /* CalendarAPIManager.swift */ = {isa = PBXFileReference; lastKnownFileType = sourcecode.swift; path = CalendarAPIManager.swift; sourceTree = "<group>"; };
		E08ADE7A26E6C50C00AF8700 /* AllFoodView.swift */ = {isa = PBXFileReference; lastKnownFileType = sourcecode.swift; path = AllFoodView.swift; sourceTree = "<group>"; };
		E08AF9A526D761E20070A252 /* BadGoogleOrganizationView.swift */ = {isa = PBXFileReference; lastKnownFileType = sourcecode.swift; path = BadGoogleOrganizationView.swift; sourceTree = "<group>"; };
		E08AF9AC26DB2C520070A252 /* PublicSans-ExtraBold.ttf */ = {isa = PBXFileReference; lastKnownFileType = file; path = "PublicSans-ExtraBold.ttf"; sourceTree = "<group>"; };
		E08AF9AD26DB2C520070A252 /* PublicSans-Thin.ttf */ = {isa = PBXFileReference; lastKnownFileType = file; path = "PublicSans-Thin.ttf"; sourceTree = "<group>"; };
		E08AF9AE26DB2C520070A252 /* PublicSans-SemiBold.ttf */ = {isa = PBXFileReference; lastKnownFileType = file; path = "PublicSans-SemiBold.ttf"; sourceTree = "<group>"; };
		E08AF9AF26DB2C520070A252 /* PublicSans-ExtraLight.ttf */ = {isa = PBXFileReference; lastKnownFileType = file; path = "PublicSans-ExtraLight.ttf"; sourceTree = "<group>"; };
		E08AF9B026DB2C520070A252 /* PublicSans-ExtraLightItalic.ttf */ = {isa = PBXFileReference; lastKnownFileType = file; path = "PublicSans-ExtraLightItalic.ttf"; sourceTree = "<group>"; };
		E08AF9B126DB2C520070A252 /* PublicSans-Light.ttf */ = {isa = PBXFileReference; lastKnownFileType = file; path = "PublicSans-Light.ttf"; sourceTree = "<group>"; };
		E08AF9B226DB2C520070A252 /* PublicSans-Regular.ttf */ = {isa = PBXFileReference; lastKnownFileType = file; path = "PublicSans-Regular.ttf"; sourceTree = "<group>"; };
		E08AF9B326DB2C520070A252 /* PublicSans-Italic.ttf */ = {isa = PBXFileReference; lastKnownFileType = file; path = "PublicSans-Italic.ttf"; sourceTree = "<group>"; };
		E08AF9B426DB2C520070A252 /* PublicSans-ExtraBoldItalic.ttf */ = {isa = PBXFileReference; lastKnownFileType = file; path = "PublicSans-ExtraBoldItalic.ttf"; sourceTree = "<group>"; };
		E08AF9B526DB2C520070A252 /* PublicSans-SemiBoldItalic.ttf */ = {isa = PBXFileReference; lastKnownFileType = file; path = "PublicSans-SemiBoldItalic.ttf"; sourceTree = "<group>"; };
		E08AF9B626DB2C520070A252 /* PublicSans-BlackItalic.ttf */ = {isa = PBXFileReference; lastKnownFileType = file; path = "PublicSans-BlackItalic.ttf"; sourceTree = "<group>"; };
		E08AF9B726DB2C520070A252 /* PublicSans-LightItalic.ttf */ = {isa = PBXFileReference; lastKnownFileType = file; path = "PublicSans-LightItalic.ttf"; sourceTree = "<group>"; };
		E08AF9B826DB2C520070A252 /* PublicSans-ThinItalic.ttf */ = {isa = PBXFileReference; lastKnownFileType = file; path = "PublicSans-ThinItalic.ttf"; sourceTree = "<group>"; };
		E08AF9B926DB2C530070A252 /* PublicSans-BoldItalic.ttf */ = {isa = PBXFileReference; lastKnownFileType = file; path = "PublicSans-BoldItalic.ttf"; sourceTree = "<group>"; };
		E08AF9BA26DB2C530070A252 /* PublicSans-Bold.ttf */ = {isa = PBXFileReference; lastKnownFileType = file; path = "PublicSans-Bold.ttf"; sourceTree = "<group>"; };
		E08AF9BB26DB2C530070A252 /* PublicSans-Medium.ttf */ = {isa = PBXFileReference; lastKnownFileType = file; path = "PublicSans-Medium.ttf"; sourceTree = "<group>"; };
		E08AF9BC26DB2C530070A252 /* PublicSans-Black.ttf */ = {isa = PBXFileReference; lastKnownFileType = file; path = "PublicSans-Black.ttf"; sourceTree = "<group>"; };
		E08AF9BD26DB2C530070A252 /* PublicSans-MediumItalic.ttf */ = {isa = PBXFileReference; lastKnownFileType = file; path = "PublicSans-MediumItalic.ttf"; sourceTree = "<group>"; };
		E0916D6F26DCA3E800CD13FB /* ToggleField.swift */ = {isa = PBXFileReference; lastKnownFileType = sourcecode.swift; path = ToggleField.swift; sourceTree = "<group>"; };
		E0916D7226E04C8A00CD13FB /* ArticlesParser.swift */ = {isa = PBXFileReference; lastKnownFileType = sourcecode.swift; path = ArticlesParser.swift; sourceTree = "<group>"; };
		E0916D7426E04CA300CD13FB /* Article.swift */ = {isa = PBXFileReference; lastKnownFileType = sourcecode.swift; path = Article.swift; sourceTree = "<group>"; };
		E0916D7726E04CFC00CD13FB /* GiganteaFeed.swift */ = {isa = PBXFileReference; lastKnownFileType = sourcecode.swift; path = GiganteaFeed.swift; sourceTree = "<group>"; };
		E0916D7926E04FBE00CD13FB /* GiganteaModel.swift */ = {isa = PBXFileReference; lastKnownFileType = sourcecode.swift; path = GiganteaModel.swift; sourceTree = "<group>"; };
		E0916D7F26E1B98D00CD13FB /* HTMLView.swift */ = {isa = PBXFileReference; lastKnownFileType = sourcecode.swift; path = HTMLView.swift; sourceTree = "<group>"; };
		E0AB6A5B26D1DF4900B35EA4 /* AuthManager.swift */ = {isa = PBXFileReference; lastKnownFileType = sourcecode.swift; path = AuthManager.swift; sourceTree = "<group>"; };
		E0AB6A6426D20EB100B35EA4 /* ColorPallete.swift */ = {isa = PBXFileReference; fileEncoding = 4; lastKnownFileType = sourcecode.swift; path = ColorPallete.swift; sourceTree = "<group>"; };
		E0AB6A6826D20F0800B35EA4 /* Date.swift */ = {isa = PBXFileReference; fileEncoding = 4; lastKnownFileType = sourcecode.swift; path = Date.swift; sourceTree = "<group>"; };
		E0AB6A6926D20F0800B35EA4 /* View.swift */ = {isa = PBXFileReference; fileEncoding = 4; lastKnownFileType = sourcecode.swift; path = View.swift; sourceTree = "<group>"; };
		E0AB6A6A26D20F0800B35EA4 /* Int.swift */ = {isa = PBXFileReference; fileEncoding = 4; lastKnownFileType = sourcecode.swift; path = Int.swift; sourceTree = "<group>"; };
		E0AB6A6B26D20F0800B35EA4 /* String.swift */ = {isa = PBXFileReference; fileEncoding = 4; lastKnownFileType = sourcecode.swift; path = String.swift; sourceTree = "<group>"; };
		E0AB6A6C26D20F0800B35EA4 /* Text.swift */ = {isa = PBXFileReference; fileEncoding = 4; lastKnownFileType = sourcecode.swift; path = Text.swift; sourceTree = "<group>"; };
		E0AB6A6D26D20F0800B35EA4 /* Color.swift */ = {isa = PBXFileReference; fileEncoding = 4; lastKnownFileType = sourcecode.swift; path = Color.swift; sourceTree = "<group>"; };
		E0BD57F626E81FEA000420BE /* FoodTileView.swift */ = {isa = PBXFileReference; lastKnownFileType = sourcecode.swift; path = FoodTileView.swift; sourceTree = "<group>"; };
		E0BD57F826E8200F000420BE /* FoodNutritionLabel.swift */ = {isa = PBXFileReference; lastKnownFileType = sourcecode.swift; path = FoodNutritionLabel.swift; sourceTree = "<group>"; };
		E0BD57FA26E82029000420BE /* FoodInfoView.swift */ = {isa = PBXFileReference; lastKnownFileType = sourcecode.swift; path = FoodInfoView.swift; sourceTree = "<group>"; };
		E0BD57FD26E8217C000420BE /* Development.swift */ = {isa = PBXFileReference; lastKnownFileType = sourcecode.swift; path = Development.swift; sourceTree = "<group>"; };
		E0BD57FF26E83958000420BE /* Food.swift */ = {isa = PBXFileReference; lastKnownFileType = sourcecode.swift; path = Food.swift; sourceTree = "<group>"; };
		E0E68DD7277F9002009D58F3 /* TodaysCurrentCalendarView.swift */ = {isa = PBXFileReference; lastKnownFileType = sourcecode.swift; path = TodaysCurrentCalendarView.swift; sourceTree = "<group>"; };
		E0E68DD9277F9189009D58F3 /* GoogleAPICalendar.swift */ = {isa = PBXFileReference; lastKnownFileType = sourcecode.swift; path = GoogleAPICalendar.swift; sourceTree = "<group>"; };
		E0F40D1426DB495F00AE9DD7 /* TodaysClassesView.swift */ = {isa = PBXFileReference; lastKnownFileType = sourcecode.swift; path = TodaysClassesView.swift; sourceTree = "<group>"; };
		E0F40D1726DB677800AE9DD7 /* ClassPeriod.swift */ = {isa = PBXFileReference; lastKnownFileType = sourcecode.swift; path = ClassPeriod.swift; sourceTree = "<group>"; };
		E0F40D1926DB6B0D00AE9DD7 /* OtherExtensions.swift */ = {isa = PBXFileReference; lastKnownFileType = sourcecode.swift; path = OtherExtensions.swift; sourceTree = "<group>"; };
		E0F40D1E26DC23C600AE9DD7 /* test.swift */ = {isa = PBXFileReference; lastKnownFileType = sourcecode.swift; path = test.swift; sourceTree = "<group>"; };
		E0F40D2926DC31DC00AE9DD7 /* Subjects.json */ = {isa = PBXFileReference; lastKnownFileType = text.json; path = Subjects.json; sourceTree = "<group>"; };
		E0F40D2C26DC330A00AE9DD7 /* DataManager.swift */ = {isa = PBXFileReference; lastKnownFileType = sourcecode.swift; path = DataManager.swift; sourceTree = "<group>"; };
		E0F40D2F26DC6A0B00AE9DD7 /* EditScheduleView.swift */ = {isa = PBXFileReference; lastKnownFileType = sourcecode.swift; path = EditScheduleView.swift; sourceTree = "<group>"; };
/* End PBXFileReference section */

/* Begin PBXFrameworksBuildPhase section */
		E0664A9026CF392600DDAEE4 /* Frameworks */ = {
			isa = PBXFrameworksBuildPhase;
			buildActionMask = 2147483647;
			files = (
				E073579726E687AF005F2BE5 /* FirebaseDatabase in Frameworks */,
				E0C8361C26D1C4A900295174 /* FirebaseFirestoreSwift-Beta in Frameworks */,
				E0C8361F26D1C5F300295174 /* GoogleSignIn in Frameworks */,
				E0C8361826D1C4A900295174 /* FirebaseAuth in Frameworks */,
				E0C8362226D1C63100295174 /* FirebaseAnalytics in Frameworks */,
				E06F5DC62749DE5000396A18 /* FirebaseStorage in Frameworks */,
				E073579926E687AF005F2BE5 /* FirebaseDatabaseSwift-Beta in Frameworks */,
				E0C8361A26D1C4A900295174 /* FirebaseFirestore in Frameworks */,
			);
			runOnlyForDeploymentPostprocessing = 0;
		};
/* End PBXFrameworksBuildPhase section */

/* Begin PBXGroup section */
		E000298127A4FE4A00157FE8 /* Subjects */ = {
			isa = PBXGroup;
			children = (
				E000298227A4FE5800157FE8 /* SubjectsDataManager.swift */,
			);
			path = Subjects;
			sourceTree = "<group>";
		};
		E007018E2797F6AC005EEF41 /* Test */ = {
			isa = PBXGroup;
			children = (
				E007018F2797F6BD005EEF41 /* HTMLTestView.swift */,
			);
			path = Test;
			sourceTree = "<group>";
		};
		E013743126D7471B00CA5CB7 /* Social Media */ = {
			isa = PBXGroup;
			children = (
				E013743226D7472100CA5CB7 /* Instagram */,
			);
			path = "Social Media";
			sourceTree = "<group>";
		};
		E013743226D7472100CA5CB7 /* Instagram */ = {
			isa = PBXGroup;
			children = (
				E013743326D7474D00CA5CB7 /* AddToInstagramStory.swift */,
			);
			path = Instagram;
			sourceTree = "<group>";
		};
		E013743526D7527E00CA5CB7 /* User */ = {
			isa = PBXGroup;
			children = (
				E013743626D7528700CA5CB7 /* User.swift */,
			);
			path = User;
			sourceTree = "<group>";
		};
		E065E15F27094C3B0095F676 /* Persistance Keys */ = {
			isa = PBXGroup;
			children = (
				E065E16027094C4F0095F676 /* FoodInfoScrollViewAtStartingPreferenceKey.swift */,
				E065E16227094C820095F676 /* FoodNutritionOverflowPreferenceKey.swift */,
			);
			path = "Persistance Keys";
			sourceTree = "<group>";
		};
		E065E164270971F00095F676 /* Launch */ = {
			isa = PBXGroup;
			children = (
				E065E1652709721D0095F676 /* LaunchStoryboard.storyboard */,
				E065E1672709FFFC0095F676 /* LaunchView.swift */,
			);
			path = Launch;
			sourceTree = "<group>";
		};
		E0664A8A26CF392600DDAEE4 = {
			isa = PBXGroup;
			children = (
				E0664A9526CF392600DDAEE4 /* fbla-school */,
				E0664A9426CF392600DDAEE4 /* Products */,
				E0C8362026D1C63100295174 /* Frameworks */,
			);
			sourceTree = "<group>";
		};
		E0664A9426CF392600DDAEE4 /* Products */ = {
			isa = PBXGroup;
			children = (
				E0664A9326CF392600DDAEE4 /* Redwood HS Helper.app */,
			);
			name = Products;
			sourceTree = "<group>";
		};
		E0664A9526CF392600DDAEE4 /* fbla-school */ = {
			isa = PBXGroup;
			children = (
				E0664A9626CF392600DDAEE4 /* fbla_schoolApp.swift */,
				E0664A9826CF392600DDAEE4 /* ContentView.swift */,
				E0AB6A5D26D20ACA00B35EA4 /* Utilities */,
				E0664AA526CF407200DDAEE4 /* Core */,
				E08AF9AB26DB2C230070A252 /* Fonts */,
				E0664A9A26CF392700DDAEE4 /* Assets.xcassets */,
				E0664A9F26CF392700DDAEE4 /* Info.plist */,
				E08519A026D3201800A21A14 /* GoogleService-Info.plist */,
				E0664A9C26CF392700DDAEE4 /* Preview Content */,
				E06F5DC32749DDE400396A18 /* Sandbox.swift */,
				E01B5D9F2749E9610079B042 /* SandboxViewModel.swift */,
				E0451C8227A9000300B088C7 /* Config.xcconfig */,
			);
			path = "fbla-school";
			sourceTree = "<group>";
		};
		E0664A9C26CF392700DDAEE4 /* Preview Content */ = {
			isa = PBXGroup;
			children = (
				E0664A9D26CF392700DDAEE4 /* Preview Assets.xcassets */,
			);
			path = "Preview Content";
			sourceTree = "<group>";
		};
		E0664AA526CF407200DDAEE4 /* Core */ = {
			isa = PBXGroup;
			children = (
				E000298127A4FE4A00157FE8 /* Subjects */,
				E065E164270971F00095F676 /* Launch */,
				E0AB6A5E26D20AD900B35EA4 /* Auth */,
				E0AB6A6126D20B6800B35EA4 /* Home */,
				E0F40D2E26DC69FA00AE9DD7 /* Edit Schedule */,
				E073579A26E687C8005F2BE5 /* Food */,
				E088889E279C8E9600653F6B /* Calendar */,
				E0916D7626E04CE200CD13FB /* News */,
			);
			path = Core;
			sourceTree = "<group>";
		};
		E06B708B26D3251A000D944C /* Structures */ = {
			isa = PBXGroup;
			children = (
				E06B708C26D3251A000D944C /* GenderInputField.swift */,
				E06B708D26D3251A000D944C /* DateInputField.swift */,
				E06B708E26D3251A000D944C /* PullDownIndicator.swift */,
				E06B708F26D3251A000D944C /* NumberInputField.swift */,
				E06B709026D3251A000D944C /* VisualEffectView.swift */,
				E06B709126D3251A000D944C /* TextInputField.swift */,
				E06B709826D331F9000D944C /* CustomDivider.swift */,
				E0916D6F26DCA3E800CD13FB /* ToggleField.swift */,
			);
			path = Structures;
			sourceTree = "<group>";
		};
		E073579426E3D036005F2BE5 /* XML */ = {
			isa = PBXGroup;
			children = (
				E0916D7226E04C8A00CD13FB /* ArticlesParser.swift */,
				E02A205A26E29BDA00E90417 /* HTMLasXMLContentParser.swift */,
			);
			path = XML;
			sourceTree = "<group>";
		};
		E073579526E3D03B005F2BE5 /* Parsers */ = {
			isa = PBXGroup;
			children = (
				E0F40D1B26DC1E1F00AE9DD7 /* JSON */,
				E073579426E3D036005F2BE5 /* XML */,
			);
			path = Parsers;
			sourceTree = "<group>";
		};
		E073579A26E687C8005F2BE5 /* Food */ = {
			isa = PBXGroup;
			children = (
				E065E15F27094C3B0095F676 /* Persistance Keys */,
				E073579B26E68E39005F2BE5 /* DatabaseManager.swift */,
				E08ADE7A26E6C50C00AF8700 /* AllFoodView.swift */,
				E0BD57F626E81FEA000420BE /* FoodTileView.swift */,
				E0BD57F826E8200F000420BE /* FoodNutritionLabel.swift */,
				E0BD57FA26E82029000420BE /* FoodInfoView.swift */,
				E0BD57FF26E83958000420BE /* Food.swift */,
				E065E16D270A74C00095F676 /* FoodUserDefaultsManager.swift */,
			);
			path = Food;
			sourceTree = "<group>";
		};
		E088889E279C8E9600653F6B /* Calendar */ = {
			isa = PBXGroup;
			children = (
				E0E68DD9277F9189009D58F3 /* GoogleAPICalendar.swift */,
				E088889F279C8EAE00653F6B /* CalendarAPIManager.swift */,
				E01C400327A3899000CF1E6F /* CalendarDataManager.swift */,
			);
			path = Calendar;
			sourceTree = "<group>";
		};
		E08AF9A326D761C90070A252 /* Login */ = {
			isa = PBXGroup;
			children = (
				E0664AA626CF408D00DDAEE4 /* LoginView.swift */,
			);
			path = Login;
			sourceTree = "<group>";
		};
		E08AF9A426D761CE0070A252 /* Error */ = {
			isa = PBXGroup;
			children = (
				E08AF9A526D761E20070A252 /* BadGoogleOrganizationView.swift */,
			);
			path = Error;
			sourceTree = "<group>";
		};
		E08AF9AB26DB2C230070A252 /* Fonts */ = {
			isa = PBXGroup;
			children = (
				E08AF9BC26DB2C530070A252 /* PublicSans-Black.ttf */,
				E08AF9B626DB2C520070A252 /* PublicSans-BlackItalic.ttf */,
				E08AF9BA26DB2C530070A252 /* PublicSans-Bold.ttf */,
				E08AF9B926DB2C530070A252 /* PublicSans-BoldItalic.ttf */,
				E08AF9AC26DB2C520070A252 /* PublicSans-ExtraBold.ttf */,
				E08AF9B426DB2C520070A252 /* PublicSans-ExtraBoldItalic.ttf */,
				E08AF9AF26DB2C520070A252 /* PublicSans-ExtraLight.ttf */,
				E08AF9B026DB2C520070A252 /* PublicSans-ExtraLightItalic.ttf */,
				E08AF9B326DB2C520070A252 /* PublicSans-Italic.ttf */,
				E08AF9B126DB2C520070A252 /* PublicSans-Light.ttf */,
				E08AF9B726DB2C520070A252 /* PublicSans-LightItalic.ttf */,
				E08AF9BB26DB2C530070A252 /* PublicSans-Medium.ttf */,
				E08AF9BD26DB2C530070A252 /* PublicSans-MediumItalic.ttf */,
				E08AF9B226DB2C520070A252 /* PublicSans-Regular.ttf */,
				E08AF9AE26DB2C520070A252 /* PublicSans-SemiBold.ttf */,
				E08AF9B526DB2C520070A252 /* PublicSans-SemiBoldItalic.ttf */,
				E08AF9AD26DB2C520070A252 /* PublicSans-Thin.ttf */,
				E08AF9B826DB2C520070A252 /* PublicSans-ThinItalic.ttf */,
			);
			path = Fonts;
			sourceTree = "<group>";
		};
		E0916D7126E04C7400CD13FB /* Article */ = {
			isa = PBXGroup;
			children = (
				E0916D7426E04CA300CD13FB /* Article.swift */,
				E073579226E347CA005F2BE5 /* ArticleView.swift */,
			);
			path = Article;
			sourceTree = "<group>";
		};
		E0916D7626E04CE200CD13FB /* News */ = {
			isa = PBXGroup;
			children = (
				E0916D7126E04C7400CD13FB /* Article */,
				E0916D7726E04CFC00CD13FB /* GiganteaFeed.swift */,
				E0916D7926E04FBE00CD13FB /* GiganteaModel.swift */,
				E01C400127A3892E00CF1E6F /* GiganteaDataManager.swift */,
			);
			path = News;
			sourceTree = "<group>";
		};
		E0AB6A5D26D20ACA00B35EA4 /* Utilities */ = {
			isa = PBXGroup;
			children = (
				E007018E2797F6AC005EEF41 /* Test */,
				E073579526E3D03B005F2BE5 /* Parsers */,
				E0F40D2B26DC32FE00AE9DD7 /* Data Manager */,
				E013743526D7527E00CA5CB7 /* User */,
				E0AB6A6326D20E8E00B35EA4 /* Auth */,
				E013743126D7471B00CA5CB7 /* Social Media */,
				E06B708B26D3251A000D944C /* Structures */,
				E0AB6A6726D20F0800B35EA4 /* Extensions */,
				E0AB6A6226D20E8900B35EA4 /* Extra */,
			);
			path = Utilities;
			sourceTree = "<group>";
		};
		E0AB6A5E26D20AD900B35EA4 /* Auth */ = {
			isa = PBXGroup;
			children = (
				E08AF9A426D761CE0070A252 /* Error */,
				E08AF9A326D761C90070A252 /* Login */,
			);
			path = Auth;
			sourceTree = "<group>";
		};
		E0AB6A6126D20B6800B35EA4 /* Home */ = {
			isa = PBXGroup;
			children = (
				E0F40D1626DB676100AE9DD7 /* ClassPeriod */,
				E06B708926D32427000D944C /* HomeView.swift */,
				E0F40D1426DB495F00AE9DD7 /* TodaysClassesView.swift */,
				E065E169270A264E0095F676 /* TodaysFoodView.swift */,
				E0E68DD7277F9002009D58F3 /* TodaysCurrentCalendarView.swift */,
				E01C400527A3C3D300CF1E6F /* LatestArticleView.swift */,
			);
			path = Home;
			sourceTree = "<group>";
		};
		E0AB6A6226D20E8900B35EA4 /* Extra */ = {
			isa = PBXGroup;
			children = (
				E0BD57FC26E82173000420BE /* Development */,
				E0916D7F26E1B98D00CD13FB /* HTMLView.swift */,
				E0AB6A6426D20EB100B35EA4 /* ColorPallete.swift */,
			);
			path = Extra;
			sourceTree = "<group>";
		};
		E0AB6A6326D20E8E00B35EA4 /* Auth */ = {
			isa = PBXGroup;
			children = (
				E0AB6A5B26D1DF4900B35EA4 /* AuthManager.swift */,
			);
			path = Auth;
			sourceTree = "<group>";
		};
		E0AB6A6726D20F0800B35EA4 /* Extensions */ = {
			isa = PBXGroup;
			children = (
				E0AB6A6826D20F0800B35EA4 /* Date.swift */,
				E0AB6A6926D20F0800B35EA4 /* View.swift */,
				E0AB6A6A26D20F0800B35EA4 /* Int.swift */,
				E0AB6A6B26D20F0800B35EA4 /* String.swift */,
				E0AB6A6C26D20F0800B35EA4 /* Text.swift */,
				E0AB6A6D26D20F0800B35EA4 /* Color.swift */,
				E0F40D1926DB6B0D00AE9DD7 /* OtherExtensions.swift */,
			);
			name = Extensions;
			path = Extensions/Extensions;
			sourceTree = "<group>";
		};
		E0BD57FC26E82173000420BE /* Development */ = {
			isa = PBXGroup;
			children = (
				E0BD57FD26E8217C000420BE /* Development.swift */,
			);
			path = Development;
			sourceTree = "<group>";
		};
		E0C8362026D1C63100295174 /* Frameworks */ = {
			isa = PBXGroup;
			children = (
			);
			name = Frameworks;
			sourceTree = "<group>";
		};
		E0F40D1626DB676100AE9DD7 /* ClassPeriod */ = {
			isa = PBXGroup;
			children = (
				E0F40D1726DB677800AE9DD7 /* ClassPeriod.swift */,
			);
			path = ClassPeriod;
			sourceTree = "<group>";
		};
		E0F40D1B26DC1E1F00AE9DD7 /* JSON */ = {
			isa = PBXGroup;
			children = (
				E0F40D1E26DC23C600AE9DD7 /* test.swift */,
				E0F40D2926DC31DC00AE9DD7 /* Subjects.json */,
			);
			path = JSON;
			sourceTree = "<group>";
		};
		E0F40D2B26DC32FE00AE9DD7 /* Data Manager */ = {
			isa = PBXGroup;
			children = (
				E0F40D2C26DC330A00AE9DD7 /* DataManager.swift */,
			);
			path = "Data Manager";
			sourceTree = "<group>";
		};
		E0F40D2E26DC69FA00AE9DD7 /* Edit Schedule */ = {
			isa = PBXGroup;
			children = (
				E05932B727A51B8100FEDE11 /* ScheduleDataManager.swift */,
				E0F40D2F26DC6A0B00AE9DD7 /* EditScheduleView.swift */,
				E05932B327A516F100FEDE11 /* EditSchedulePeriodView.swift */,
				E05932B527A5179D00FEDE11 /* EditScheduleSubjectSelectorView.swift */,
				E0451C8327A903ED00B088C7 /* SchoolSubjectItemView.swift */,
				E00DB59127B0DFE2001C37CE /* SchoolClassSelectionView.swift */,
				E00DB58F27B0DFAA001C37CE /* SubjectsEnum.swift */,
			);
			path = "Edit Schedule";
			sourceTree = "<group>";
		};
/* End PBXGroup section */

/* Begin PBXNativeTarget section */
		E0664A9226CF392600DDAEE4 /* Redwood HS Helper */ = {
			isa = PBXNativeTarget;
			buildConfigurationList = E0664AA226CF392700DDAEE4 /* Build configuration list for PBXNativeTarget "Redwood HS Helper" */;
			buildPhases = (
				E0664A8F26CF392600DDAEE4 /* Sources */,
				E0664A9026CF392600DDAEE4 /* Frameworks */,
				E0664A9126CF392600DDAEE4 /* Resources */,
			);
			buildRules = (
			);
			dependencies = (
			);
			name = "Redwood HS Helper";
			packageProductDependencies = (
				E0C8361726D1C4A900295174 /* FirebaseAuth */,
				E0C8361926D1C4A900295174 /* FirebaseFirestore */,
				E0C8361B26D1C4A900295174 /* FirebaseFirestoreSwift-Beta */,
				E0C8361E26D1C5F300295174 /* GoogleSignIn */,
				E0C8362126D1C63100295174 /* FirebaseAnalytics */,
				E073579626E687AF005F2BE5 /* FirebaseDatabase */,
				E073579826E687AF005F2BE5 /* FirebaseDatabaseSwift-Beta */,
				E06F5DC52749DE5000396A18 /* FirebaseStorage */,
			);
			productName = "fbla-school";
			productReference = E0664A9326CF392600DDAEE4 /* Redwood HS Helper.app */;
			productType = "com.apple.product-type.application";
		};
/* End PBXNativeTarget section */

/* Begin PBXProject section */
		E0664A8B26CF392600DDAEE4 /* Project object */ = {
			isa = PBXProject;
			attributes = {
				LastSwiftUpdateCheck = 1250;
				LastUpgradeCheck = 1250;
				TargetAttributes = {
					E0664A9226CF392600DDAEE4 = {
						CreatedOnToolsVersion = 12.5.1;
					};
				};
			};
			buildConfigurationList = E0664A8E26CF392600DDAEE4 /* Build configuration list for PBXProject "fbla-school" */;
			compatibilityVersion = "Xcode 9.3";
			developmentRegion = en;
			hasScannedForEncodings = 0;
			knownRegions = (
				en,
				Base,
			);
			mainGroup = E0664A8A26CF392600DDAEE4;
			packageReferences = (
				E0C8361626D1C4A900295174 /* XCRemoteSwiftPackageReference "firebase-ios-sdk" */,
				E0C8361D26D1C5F300295174 /* XCRemoteSwiftPackageReference "GoogleSignIn-iOS" */,
			);
			productRefGroup = E0664A9426CF392600DDAEE4 /* Products */;
			projectDirPath = "";
			projectRoot = "";
			targets = (
				E0664A9226CF392600DDAEE4 /* Redwood HS Helper */,
			);
		};
/* End PBXProject section */

/* Begin PBXResourcesBuildPhase section */
		E0664A9126CF392600DDAEE4 /* Resources */ = {
			isa = PBXResourcesBuildPhase;
			buildActionMask = 2147483647;
			files = (
				E0664A9E26CF392700DDAEE4 /* Preview Assets.xcassets in Resources */,
				E0F40D2A26DC31DC00AE9DD7 /* Subjects.json in Resources */,
				E08AF9CF26DB2C530070A252 /* PublicSans-MediumItalic.ttf in Resources */,
				E08519A126D3201800A21A14 /* GoogleService-Info.plist in Resources */,
				E08AF9BE26DB2C530070A252 /* PublicSans-ExtraBold.ttf in Resources */,
				E0664A9B26CF392700DDAEE4 /* Assets.xcassets in Resources */,
				E065E1662709721D0095F676 /* LaunchStoryboard.storyboard in Resources */,
				E08AF9C926DB2C530070A252 /* PublicSans-LightItalic.ttf in Resources */,
				E08AF9CC26DB2C530070A252 /* PublicSans-Bold.ttf in Resources */,
				E08AF9CE26DB2C530070A252 /* PublicSans-Black.ttf in Resources */,
				E08AF9BF26DB2C530070A252 /* PublicSans-Thin.ttf in Resources */,
				E08AF9C326DB2C530070A252 /* PublicSans-Light.ttf in Resources */,
				E08AF9C826DB2C530070A252 /* PublicSans-BlackItalic.ttf in Resources */,
				E08AF9C526DB2C530070A252 /* PublicSans-Italic.ttf in Resources */,
				E08AF9C126DB2C530070A252 /* PublicSans-ExtraLight.ttf in Resources */,
				E08AF9C226DB2C530070A252 /* PublicSans-ExtraLightItalic.ttf in Resources */,
				E08AF9C026DB2C530070A252 /* PublicSans-SemiBold.ttf in Resources */,
				E08AF9CB26DB2C530070A252 /* PublicSans-BoldItalic.ttf in Resources */,
				E08AF9C626DB2C530070A252 /* PublicSans-ExtraBoldItalic.ttf in Resources */,
				E08AF9C726DB2C530070A252 /* PublicSans-SemiBoldItalic.ttf in Resources */,
				E08AF9CD26DB2C530070A252 /* PublicSans-Medium.ttf in Resources */,
				E08AF9C426DB2C530070A252 /* PublicSans-Regular.ttf in Resources */,
				E08AF9CA26DB2C530070A252 /* PublicSans-ThinItalic.ttf in Resources */,
			);
			runOnlyForDeploymentPostprocessing = 0;
		};
/* End PBXResourcesBuildPhase section */

/* Begin PBXSourcesBuildPhase section */
		E0664A8F26CF392600DDAEE4 /* Sources */ = {
			isa = PBXSourcesBuildPhase;
			buildActionMask = 2147483647;
			files = (
				E00DB59027B0DFAA001C37CE /* SubjectsEnum.swift in Sources */,
				E0916D7026DCA3E800CD13FB /* ToggleField.swift in Sources */,
				E0916D7826E04CFC00CD13FB /* GiganteaFeed.swift in Sources */,
				E06B709926D331F9000D944C /* CustomDivider.swift in Sources */,
				E0F40D1526DB495F00AE9DD7 /* TodaysClassesView.swift in Sources */,
				E0AB6A5C26D1DF4900B35EA4 /* AuthManager.swift in Sources */,
				E0F40D3026DC6A0B00AE9DD7 /* EditScheduleView.swift in Sources */,
				E065E16327094C820095F676 /* FoodNutritionOverflowPreferenceKey.swift in Sources */,
				E01C400227A3892E00CF1E6F /* GiganteaDataManager.swift in Sources */,
				E06B709426D3251A000D944C /* PullDownIndicator.swift in Sources */,
				E0BD57F926E8200F000420BE /* FoodNutritionLabel.swift in Sources */,
				E0E68DD8277F9002009D58F3 /* TodaysCurrentCalendarView.swift in Sources */,
				E073579326E347CA005F2BE5 /* ArticleView.swift in Sources */,
				E0E68DDA277F9189009D58F3 /* GoogleAPICalendar.swift in Sources */,
				E08888A0279C8EAE00653F6B /* CalendarAPIManager.swift in Sources */,
				E065E16127094C4F0095F676 /* FoodInfoScrollViewAtStartingPreferenceKey.swift in Sources */,
				E065E1682709FFFC0095F676 /* LaunchView.swift in Sources */,
				E0AB6A6E26D20F0800B35EA4 /* Date.swift in Sources */,
				E0AB6A7326D20F0800B35EA4 /* Color.swift in Sources */,
				E0BD57FB26E82029000420BE /* FoodInfoView.swift in Sources */,
				E06B709726D3251A000D944C /* TextInputField.swift in Sources */,
				E0BD580026E83958000420BE /* Food.swift in Sources */,
				E06F5DC42749DDE400396A18 /* Sandbox.swift in Sources */,
				E0451C8427A903ED00B088C7 /* SchoolSubjectItemView.swift in Sources */,
				E00DB59227B0DFE2001C37CE /* SchoolClassSelectionView.swift in Sources */,
				E01B5DA02749E9610079B042 /* SandboxViewModel.swift in Sources */,
				E08AF9A626D761E20070A252 /* BadGoogleOrganizationView.swift in Sources */,
				E000298327A4FE5800157FE8 /* SubjectsDataManager.swift in Sources */,
				E0664AA726CF408D00DDAEE4 /* LoginView.swift in Sources */,
				E0AB6A7126D20F0800B35EA4 /* String.swift in Sources */,
				E065E16A270A264E0095F676 /* TodaysFoodView.swift in Sources */,
				E08ADE7B26E6C50C00AF8700 /* AllFoodView.swift in Sources */,
				E05932B827A51B8100FEDE11 /* ScheduleDataManager.swift in Sources */,
				E0664A9926CF392600DDAEE4 /* ContentView.swift in Sources */,
				E0F40D1A26DB6B0D00AE9DD7 /* OtherExtensions.swift in Sources */,
				E0BD57F726E81FEA000420BE /* FoodTileView.swift in Sources */,
				E0AB6A6526D20EB100B35EA4 /* ColorPallete.swift in Sources */,
				E01C400627A3C3D300CF1E6F /* LatestArticleView.swift in Sources */,
				E0AB6A7226D20F0800B35EA4 /* Text.swift in Sources */,
				E05932B427A516F100FEDE11 /* EditSchedulePeriodView.swift in Sources */,
				E0F40D1826DB677800AE9DD7 /* ClassPeriod.swift in Sources */,
				E073579C26E68E39005F2BE5 /* DatabaseManager.swift in Sources */,
				E0AB6A6F26D20F0800B35EA4 /* View.swift in Sources */,
				E06B709326D3251A000D944C /* DateInputField.swift in Sources */,
				E06B708A26D32427000D944C /* HomeView.swift in Sources */,
				E02A205B26E29BDA00E90417 /* HTMLasXMLContentParser.swift in Sources */,
				E0664A9726CF392600DDAEE4 /* fbla_schoolApp.swift in Sources */,
				E05932B627A5179D00FEDE11 /* EditScheduleSubjectSelectorView.swift in Sources */,
				E065E16E270A74C00095F676 /* FoodUserDefaultsManager.swift in Sources */,
				E013743426D7474D00CA5CB7 /* AddToInstagramStory.swift in Sources */,
				E0AB6A7026D20F0800B35EA4 /* Int.swift in Sources */,
				E0F40D1F26DC23C600AE9DD7 /* test.swift in Sources */,
				E0916D7A26E04FBE00CD13FB /* GiganteaModel.swift in Sources */,
				E06B709526D3251A000D944C /* NumberInputField.swift in Sources */,
				E0916D8026E1B98D00CD13FB /* HTMLView.swift in Sources */,
				E06B709626D3251A000D944C /* VisualEffectView.swift in Sources */,
				E0916D7526E04CA300CD13FB /* Article.swift in Sources */,
				E00701902797F6BD005EEF41 /* HTMLTestView.swift in Sources */,
				E06B709226D3251A000D944C /* GenderInputField.swift in Sources */,
				E01C400427A3899000CF1E6F /* CalendarDataManager.swift in Sources */,
				E0916D7326E04C8A00CD13FB /* ArticlesParser.swift in Sources */,
				E0F40D2D26DC330A00AE9DD7 /* DataManager.swift in Sources */,
				E013743726D7528700CA5CB7 /* User.swift in Sources */,
				E0BD57FE26E8217C000420BE /* Development.swift in Sources */,
			);
			runOnlyForDeploymentPostprocessing = 0;
		};
/* End PBXSourcesBuildPhase section */

/* Begin XCBuildConfiguration section */
		E0664AA026CF392700DDAEE4 /* Debug */ = {
			isa = XCBuildConfiguration;
			baseConfigurationReference = E0451C8227A9000300B088C7 /* Config.xcconfig */;
			buildSettings = {
				ALWAYS_SEARCH_USER_PATHS = NO;
				CLANG_ANALYZER_NONNULL = YES;
				CLANG_ANALYZER_NUMBER_OBJECT_CONVERSION = YES_AGGRESSIVE;
				CLANG_CXX_LANGUAGE_STANDARD = "gnu++14";
				CLANG_CXX_LIBRARY = "libc++";
				CLANG_ENABLE_MODULES = YES;
				CLANG_ENABLE_OBJC_ARC = YES;
				CLANG_ENABLE_OBJC_WEAK = YES;
				CLANG_WARN_BLOCK_CAPTURE_AUTORELEASING = YES;
				CLANG_WARN_BOOL_CONVERSION = YES;
				CLANG_WARN_COMMA = YES;
				CLANG_WARN_CONSTANT_CONVERSION = YES;
				CLANG_WARN_DEPRECATED_OBJC_IMPLEMENTATIONS = YES;
				CLANG_WARN_DIRECT_OBJC_ISA_USAGE = YES_ERROR;
				CLANG_WARN_DOCUMENTATION_COMMENTS = YES;
				CLANG_WARN_EMPTY_BODY = YES;
				CLANG_WARN_ENUM_CONVERSION = YES;
				CLANG_WARN_INFINITE_RECURSION = YES;
				CLANG_WARN_INT_CONVERSION = YES;
				CLANG_WARN_NON_LITERAL_NULL_CONVERSION = YES;
				CLANG_WARN_OBJC_IMPLICIT_RETAIN_SELF = YES;
				CLANG_WARN_OBJC_LITERAL_CONVERSION = YES;
				CLANG_WARN_OBJC_ROOT_CLASS = YES_ERROR;
				CLANG_WARN_QUOTED_INCLUDE_IN_FRAMEWORK_HEADER = YES;
				CLANG_WARN_RANGE_LOOP_ANALYSIS = YES;
				CLANG_WARN_STRICT_PROTOTYPES = YES;
				CLANG_WARN_SUSPICIOUS_MOVE = YES;
				CLANG_WARN_UNGUARDED_AVAILABILITY = YES_AGGRESSIVE;
				CLANG_WARN_UNREACHABLE_CODE = YES;
				CLANG_WARN__DUPLICATE_METHOD_MATCH = YES;
				COPY_PHASE_STRIP = NO;
				DEBUG_INFORMATION_FORMAT = dwarf;
				ENABLE_STRICT_OBJC_MSGSEND = YES;
				ENABLE_TESTABILITY = YES;
				GCC_C_LANGUAGE_STANDARD = gnu11;
				GCC_DYNAMIC_NO_PIC = NO;
				GCC_NO_COMMON_BLOCKS = YES;
				GCC_OPTIMIZATION_LEVEL = 0;
				GCC_PREPROCESSOR_DEFINITIONS = (
					"DEBUG=1",
					"$(inherited)",
				);
				GCC_WARN_64_TO_32_BIT_CONVERSION = YES;
				GCC_WARN_ABOUT_RETURN_TYPE = YES_ERROR;
				GCC_WARN_UNDECLARED_SELECTOR = YES;
				GCC_WARN_UNINITIALIZED_AUTOS = YES_AGGRESSIVE;
				GCC_WARN_UNUSED_FUNCTION = YES;
				GCC_WARN_UNUSED_VARIABLE = YES;
				IPHONEOS_DEPLOYMENT_TARGET = 15.2;
				MTL_ENABLE_DEBUG_INFO = INCLUDE_SOURCE;
				MTL_FAST_MATH = YES;
				ONLY_ACTIVE_ARCH = YES;
				OTHER_LDFLAGS = "-ObjC";
				SDKROOT = iphoneos;
				SWIFT_ACTIVE_COMPILATION_CONDITIONS = DEBUG;
				SWIFT_OPTIMIZATION_LEVEL = "-Onone";
			};
			name = Debug;
		};
		E0664AA126CF392700DDAEE4 /* Release */ = {
			isa = XCBuildConfiguration;
			baseConfigurationReference = E0451C8227A9000300B088C7 /* Config.xcconfig */;
			buildSettings = {
				ALWAYS_SEARCH_USER_PATHS = NO;
				CLANG_ANALYZER_NONNULL = YES;
				CLANG_ANALYZER_NUMBER_OBJECT_CONVERSION = YES_AGGRESSIVE;
				CLANG_CXX_LANGUAGE_STANDARD = "gnu++14";
				CLANG_CXX_LIBRARY = "libc++";
				CLANG_ENABLE_MODULES = YES;
				CLANG_ENABLE_OBJC_ARC = YES;
				CLANG_ENABLE_OBJC_WEAK = YES;
				CLANG_WARN_BLOCK_CAPTURE_AUTORELEASING = YES;
				CLANG_WARN_BOOL_CONVERSION = YES;
				CLANG_WARN_COMMA = YES;
				CLANG_WARN_CONSTANT_CONVERSION = YES;
				CLANG_WARN_DEPRECATED_OBJC_IMPLEMENTATIONS = YES;
				CLANG_WARN_DIRECT_OBJC_ISA_USAGE = YES_ERROR;
				CLANG_WARN_DOCUMENTATION_COMMENTS = YES;
				CLANG_WARN_EMPTY_BODY = YES;
				CLANG_WARN_ENUM_CONVERSION = YES;
				CLANG_WARN_INFINITE_RECURSION = YES;
				CLANG_WARN_INT_CONVERSION = YES;
				CLANG_WARN_NON_LITERAL_NULL_CONVERSION = YES;
				CLANG_WARN_OBJC_IMPLICIT_RETAIN_SELF = YES;
				CLANG_WARN_OBJC_LITERAL_CONVERSION = YES;
				CLANG_WARN_OBJC_ROOT_CLASS = YES_ERROR;
				CLANG_WARN_QUOTED_INCLUDE_IN_FRAMEWORK_HEADER = YES;
				CLANG_WARN_RANGE_LOOP_ANALYSIS = YES;
				CLANG_WARN_STRICT_PROTOTYPES = YES;
				CLANG_WARN_SUSPICIOUS_MOVE = YES;
				CLANG_WARN_UNGUARDED_AVAILABILITY = YES_AGGRESSIVE;
				CLANG_WARN_UNREACHABLE_CODE = YES;
				CLANG_WARN__DUPLICATE_METHOD_MATCH = YES;
				COPY_PHASE_STRIP = NO;
				DEBUG_INFORMATION_FORMAT = "dwarf-with-dsym";
				ENABLE_NS_ASSERTIONS = NO;
				ENABLE_STRICT_OBJC_MSGSEND = YES;
				GCC_C_LANGUAGE_STANDARD = gnu11;
				GCC_NO_COMMON_BLOCKS = YES;
				GCC_WARN_64_TO_32_BIT_CONVERSION = YES;
				GCC_WARN_ABOUT_RETURN_TYPE = YES_ERROR;
				GCC_WARN_UNDECLARED_SELECTOR = YES;
				GCC_WARN_UNINITIALIZED_AUTOS = YES_AGGRESSIVE;
				GCC_WARN_UNUSED_FUNCTION = YES;
				GCC_WARN_UNUSED_VARIABLE = YES;
				IPHONEOS_DEPLOYMENT_TARGET = 15.2;
				MTL_ENABLE_DEBUG_INFO = NO;
				MTL_FAST_MATH = YES;
				OTHER_LDFLAGS = "-ObjC";
				SDKROOT = iphoneos;
				SWIFT_COMPILATION_MODE = wholemodule;
				SWIFT_OPTIMIZATION_LEVEL = "-O";
				VALIDATE_PRODUCT = YES;
			};
			name = Release;
		};
		E0664AA326CF392700DDAEE4 /* Debug */ = {
			isa = XCBuildConfiguration;
			buildSettings = {
				ASSETCATALOG_COMPILER_APPICON_NAME = AppIcon;
				ASSETCATALOG_COMPILER_GLOBAL_ACCENT_COLOR_NAME = AccentColor;
				CODE_SIGN_STYLE = Automatic;
				DEVELOPMENT_ASSET_PATHS = "\"fbla-school/Preview Content\"";
				DEVELOPMENT_TEAM = Y3R786UP46;
				ENABLE_PREVIEWS = YES;
				INFOPLIST_FILE = "fbla-school/Info.plist";
				IPHONEOS_DEPLOYMENT_TARGET = 15.0;
				LD_RUNPATH_SEARCH_PATHS = (
					"$(inherited)",
					"@executable_path/Frameworks",
				);
				PRODUCT_BUNDLE_IDENTIFIER = "com.adamhacker.redwood-helper";
				PRODUCT_NAME = "$(TARGET_NAME)";
				SWIFT_VERSION = 5.0;
				TARGETED_DEVICE_FAMILY = "1,2";
			};
			name = Debug;
		};
		E0664AA426CF392700DDAEE4 /* Release */ = {
			isa = XCBuildConfiguration;
			buildSettings = {
				ASSETCATALOG_COMPILER_APPICON_NAME = AppIcon;
				ASSETCATALOG_COMPILER_GLOBAL_ACCENT_COLOR_NAME = AccentColor;
				CODE_SIGN_STYLE = Automatic;
				DEVELOPMENT_ASSET_PATHS = "\"fbla-school/Preview Content\"";
				DEVELOPMENT_TEAM = Y3R786UP46;
				ENABLE_PREVIEWS = YES;
				INFOPLIST_FILE = "fbla-school/Info.plist";
				IPHONEOS_DEPLOYMENT_TARGET = 15.0;
				LD_RUNPATH_SEARCH_PATHS = (
					"$(inherited)",
					"@executable_path/Frameworks",
				);
				PRODUCT_BUNDLE_IDENTIFIER = "com.adamhacker.redwood-helper";
				PRODUCT_NAME = "$(TARGET_NAME)";
				SWIFT_VERSION = 5.0;
				TARGETED_DEVICE_FAMILY = "1,2";
			};
			name = Release;
		};
/* End XCBuildConfiguration section */

/* Begin XCConfigurationList section */
		E0664A8E26CF392600DDAEE4 /* Build configuration list for PBXProject "fbla-school" */ = {
			isa = XCConfigurationList;
			buildConfigurations = (
				E0664AA026CF392700DDAEE4 /* Debug */,
				E0664AA126CF392700DDAEE4 /* Release */,
			);
			defaultConfigurationIsVisible = 0;
			defaultConfigurationName = Release;
		};
		E0664AA226CF392700DDAEE4 /* Build configuration list for PBXNativeTarget "Redwood HS Helper" */ = {
			isa = XCConfigurationList;
			buildConfigurations = (
				E0664AA326CF392700DDAEE4 /* Debug */,
				E0664AA426CF392700DDAEE4 /* Release */,
			);
			defaultConfigurationIsVisible = 0;
			defaultConfigurationName = Release;
		};
/* End XCConfigurationList section */

/* Begin XCRemoteSwiftPackageReference section */
		E0C8361626D1C4A900295174 /* XCRemoteSwiftPackageReference "firebase-ios-sdk" */ = {
			isa = XCRemoteSwiftPackageReference;
			repositoryURL = "https://github.com/firebase/firebase-ios-sdk.git";
			requirement = {
				kind = upToNextMajorVersion;
				minimumVersion = 8.6.0;
			};
		};
		E0C8361D26D1C5F300295174 /* XCRemoteSwiftPackageReference "GoogleSignIn-iOS" */ = {
			isa = XCRemoteSwiftPackageReference;
			repositoryURL = "https://github.com/google/GoogleSignIn-iOS";
			requirement = {
				kind = upToNextMajorVersion;
				minimumVersion = 6.0.2;
			};
		};
/* End XCRemoteSwiftPackageReference section */

/* Begin XCSwiftPackageProductDependency section */
		E06F5DC52749DE5000396A18 /* FirebaseStorage */ = {
			isa = XCSwiftPackageProductDependency;
			package = E0C8361626D1C4A900295174 /* XCRemoteSwiftPackageReference "firebase-ios-sdk" */;
			productName = FirebaseStorage;
		};
		E073579626E687AF005F2BE5 /* FirebaseDatabase */ = {
			isa = XCSwiftPackageProductDependency;
			package = E0C8361626D1C4A900295174 /* XCRemoteSwiftPackageReference "firebase-ios-sdk" */;
			productName = FirebaseDatabase;
		};
		E073579826E687AF005F2BE5 /* FirebaseDatabaseSwift-Beta */ = {
			isa = XCSwiftPackageProductDependency;
			package = E0C8361626D1C4A900295174 /* XCRemoteSwiftPackageReference "firebase-ios-sdk" */;
			productName = "FirebaseDatabaseSwift-Beta";
		};
		E0C8361726D1C4A900295174 /* FirebaseAuth */ = {
			isa = XCSwiftPackageProductDependency;
			package = E0C8361626D1C4A900295174 /* XCRemoteSwiftPackageReference "firebase-ios-sdk" */;
			productName = FirebaseAuth;
		};
		E0C8361926D1C4A900295174 /* FirebaseFirestore */ = {
			isa = XCSwiftPackageProductDependency;
			package = E0C8361626D1C4A900295174 /* XCRemoteSwiftPackageReference "firebase-ios-sdk" */;
			productName = FirebaseFirestore;
		};
		E0C8361B26D1C4A900295174 /* FirebaseFirestoreSwift-Beta */ = {
			isa = XCSwiftPackageProductDependency;
			package = E0C8361626D1C4A900295174 /* XCRemoteSwiftPackageReference "firebase-ios-sdk" */;
			productName = "FirebaseFirestoreSwift-Beta";
		};
		E0C8361E26D1C5F300295174 /* GoogleSignIn */ = {
			isa = XCSwiftPackageProductDependency;
			package = E0C8361D26D1C5F300295174 /* XCRemoteSwiftPackageReference "GoogleSignIn-iOS" */;
			productName = GoogleSignIn;
		};
		E0C8362126D1C63100295174 /* FirebaseAnalytics */ = {
			isa = XCSwiftPackageProductDependency;
			package = E0C8361626D1C4A900295174 /* XCRemoteSwiftPackageReference "firebase-ios-sdk" */;
			productName = FirebaseAnalytics;
		};
/* End XCSwiftPackageProductDependency section */
	};
	rootObject = E0664A8B26CF392600DDAEE4 /* Project object */;
}
